
Microsoft Visual Studio Solution File, Format Version 12.00
# Visual Studio 15
Project("{FAE04EC0-301F-11D3-BF4B-00C04F79EFBC}") = "TcpServer", "TcpServer\TcpServer.csproj", "{3969B12E-E3CA-4805-920A-88C74E5E5DC2}"
EndProject
Global
	GlobalSection(SolutionConfigurationPlatforms) = preSolution
		Debug|x86 = Debug|x86
		Release|x86 = Release|x86
	EndGlobalSection
	GlobalSection(ProjectConfigurationPlatforms) = postSolution
		{3969B12E-E3CA-4805-920A-88C74E5E5DC2}.Debug|x86.ActiveCfg = Debug|x86
		{3969B12E-E3CA-4805-920A-88C74E5E5DC2}.Debug|x86.Build.0 = Debug|x86
		{3969B12E-E3CA-4805-920A-88C74E5E5DC2}.Release|x86.ActiveCfg = Release|x86
		{3969B12E-E3CA-4805-920A-88C74E5E5DC2}.Release|x86.Build.0 = Release|x86
	EndGlobalSection
EndGlobal
